
Microsoft Visual Studio Solution File, Format Version 12.00
# Visual Studio Version 16
VisualStudioVersion = 16.0.30225.117
MinimumVisualStudioVersion = 10.0.40219.1
Project("{9A19103F-16F7-4668-BE54-9A1E7A4F7556}") = "MyStack.Pulumi.IaC", "MyStack.Pulumi.IaC\MyStack.Pulumi.IaC.csproj", "{CF73E9D8-7756-4784-BA98-ED8A0AF4C99F}"
EndProject
Project("{9A19103F-16F7-4668-BE54-9A1E7A4F7556}") = "MyStack.Lambda", "MyStack.Lambda\MyStack.Lambda.csproj", "{D39A1518-1BF3-4448-A7E0-E2629CA25D09}"
EndProject
Project("{9A19103F-16F7-4668-BE54-9A1E7A4F7556}") = "MyStack.Lambda.Tests", "MyStack.Lambda.Tests\MyStack.Lambda.Tests.csproj", "{A68CB597-146F-4DC5-BC2C-703DF4A6C30D}"
EndProject
Project("{FAE04EC0-301F-11D3-BF4B-00C04F79EFBC}") = "MyStack.Pulumi.IaC.Tests", "MyStack.Pulumi.IaC.Tests\MyStack.Pulumi.IaC.Tests.csproj", "{89F16C97-DC5D-4ACB-B3AE-A243509A5C19}"
EndProject
Global
	GlobalSection(SolutionConfigurationPlatforms) = preSolution
		Debug|Any CPU = Debug|Any CPU
		Release|Any CPU = Release|Any CPU
	EndGlobalSection
	GlobalSection(ProjectConfigurationPlatforms) = postSolution
		{CF73E9D8-7756-4784-BA98-ED8A0AF4C99F}.Debug|Any CPU.ActiveCfg = Debug|Any CPU
		{CF73E9D8-7756-4784-BA98-ED8A0AF4C99F}.Debug|Any CPU.Build.0 = Debug|Any CPU
		{CF73E9D8-7756-4784-BA98-ED8A0AF4C99F}.Release|Any CPU.ActiveCfg = Release|Any CPU
		{CF73E9D8-7756-4784-BA98-ED8A0AF4C99F}.Release|Any CPU.Build.0 = Release|Any CPU
		{D39A1518-1BF3-4448-A7E0-E2629CA25D09}.Debug|Any CPU.ActiveCfg = Debug|Any CPU
		{D39A1518-1BF3-4448-A7E0-E2629CA25D09}.Debug|Any CPU.Build.0 = Debug|Any CPU
		{D39A1518-1BF3-4448-A7E0-E2629CA25D09}.Release|Any CPU.ActiveCfg = Release|Any CPU
		{D39A1518-1BF3-4448-A7E0-E2629CA25D09}.Release|Any CPU.Build.0 = Release|Any CPU
		{A68CB597-146F-4DC5-BC2C-703DF4A6C30D}.Debug|Any CPU.ActiveCfg = Debug|Any CPU
		{A68CB597-146F-4DC5-BC2C-703DF4A6C30D}.Debug|Any CPU.Build.0 = Debug|Any CPU
		{A68CB597-146F-4DC5-BC2C-703DF4A6C30D}.Release|Any CPU.ActiveCfg = Release|Any CPU
		{A68CB597-146F-4DC5-BC2C-703DF4A6C30D}.Release|Any CPU.Build.0 = Release|Any CPU
		{89F16C97-DC5D-4ACB-B3AE-A243509A5C19}.Debug|Any CPU.ActiveCfg = Debug|Any CPU
		{89F16C97-DC5D-4ACB-B3AE-A243509A5C19}.Debug|Any CPU.Build.0 = Debug|Any CPU
		{89F16C97-DC5D-4ACB-B3AE-A243509A5C19}.Release|Any CPU.ActiveCfg = Release|Any CPU
		{89F16C97-DC5D-4ACB-B3AE-A243509A5C19}.Release|Any CPU.Build.0 = Release|Any CPU
	EndGlobalSection
	GlobalSection(SolutionProperties) = preSolution
		HideSolutionNode = FALSE
	EndGlobalSection
	GlobalSection(ExtensibilityGlobals) = postSolution
		SolutionGuid = {A3F527D5-8082-4624-B774-C0CA71B06263}
	EndGlobalSection
EndGlobal
